
Microsoft Visual Studio Solution File, Format Version 12.00
# Visual Studio Version 17
VisualStudioVersion = 17.4.33205.214
MinimumVisualStudioVersion = 10.0.40219.1
Project("{FAE04EC0-301F-11D3-BF4B-00C04F79EFBC}") = "Snake", "Snake.csproj", "{768B54BE-2384-4A59-827B-F2E678032C25}"
EndProject
Global
	GlobalSection(SolutionConfigurationPlatforms) = preSolution
		Debug|Any CPU = Debug|Any CPU
		Release|Any CPU = Release|Any CPU
	EndGlobalSection
	GlobalSection(ProjectConfigurationPlatforms) = postSolution
		{768B54BE-2384-4A59-827B-F2E678032C25}.Debug|Any CPU.ActiveCfg = Debug|Any CPU
		{768B54BE-2384-4A59-827B-F2E678032C25}.Debug|Any CPU.Build.0 = Debug|Any CPU
		{768B54BE-2384-4A59-827B-F2E678032C25}.Release|Any CPU.ActiveCfg = Release|Any CPU
		{768B54BE-2384-4A59-827B-F2E678032C25}.Release|Any CPU.Build.0 = Release|Any CPU
	EndGlobalSection
	GlobalSection(SolutionProperties) = preSolution
		HideSolutionNode = FALSE
	EndGlobalSection
	GlobalSection(ExtensibilityGlobals) = postSolution
		SolutionGuid = {DAAEF5C2-7920-44D2-9156-A76C4EED92F4}
	EndGlobalSection
EndGlobal
